
Microsoft Visual Studio Solution File, Format Version 12.00
# Visual Studio Version 17
VisualStudioVersion = 17.6.33829.357
MinimumVisualStudioVersion = 10.0.40219.1
Project("{9A19103F-16F7-4668-BE54-9A1E7A4F7556}") = "GithubToFileShareApp", "FunctionApp1\GithubToFileShareApp.csproj", "{52E8A408-D7F0-4B7F-AC1B-C47726EB446F}"
EndProject
Global
	GlobalSection(SolutionConfigurationPlatforms) = preSolution
		Debug|Any CPU = Debug|Any CPU
		Release|Any CPU = Release|Any CPU
	EndGlobalSection
	GlobalSection(ProjectConfigurationPlatforms) = postSolution
		{52E8A408-D7F0-4B7F-AC1B-C47726EB446F}.Debug|Any CPU.ActiveCfg = Debug|Any CPU
		{52E8A408-D7F0-4B7F-AC1B-C47726EB446F}.Debug|Any CPU.Build.0 = Debug|Any CPU
		{52E8A408-D7F0-4B7F-AC1B-C47726EB446F}.Release|Any CPU.ActiveCfg = Release|Any CPU
		{52E8A408-D7F0-4B7F-AC1B-C47726EB446F}.Release|Any CPU.Build.0 = Release|Any CPU
	EndGlobalSection
	GlobalSection(SolutionProperties) = preSolution
		HideSolutionNode = FALSE
	EndGlobalSection
	GlobalSection(ExtensibilityGlobals) = postSolution
		SolutionGuid = {FA706E64-EAD1-4946-AB30-32C078B8451E}
	EndGlobalSection
EndGlobal
